# This file is machine-generated by `gh actions-lock`.
# Do not edit by hand; run `gh actions-lock` to update.
# Docs: https://gh.io/actions-lockfile
version: 'v0.0.2'
workflows:
    '.github/workflows/deploy-docs.yml':
        - 'actions/configure-pages@v5.0.0'
        - 'actions/deploy-pages@v4.0.5'
        - 'actions/download-artifact@v4.3.0'
        - 'actions/upload-pages-artifact@v3.0.1'
    '.github/workflows/junie-review.yml':
        - 'actions/checkout@v4.4.0'
        - 'jetbrains/junie-github-action@v1.7.18'
    '.github/workflows/publish-library.yml':
        - 'actions/checkout@v4.4.0'
        - 'actions/setup-java@v6.0.1'
        - 'gradle/actions@v6.4.0'
    '.github/workflows/quality.yml':
        - 'actions/checkout@v4.4.0'
        - 'actions/setup-java@v6.0.1'
        - 'actions/setup-node@v4.4.0'
        - 'actions/upload-artifact@v4.6.2'
        - 'android-actions/setup-android@v4.0.4'
        - 'codecov/codecov-action@v4.6.0'
        - 'gradle/actions@v6.4.0'
        - 'jetbrains/writerside-checker-action@v1'
        - 'jetbrains/writerside-github-action@v4'
dependencies:
    'actions/checkout@v4.4.0':
        ref: 'v4.4.0'
        commit: 'sha1-11d5960a326750d5838078e36cf38b85af677262'
        owner_id: 44036562
        repo_id: 197814629
    'actions/configure-pages@v5.0.0':
        ref: 'v5.0.0'
        commit: 'sha1-983d7736d9b0ae728b81ab479565c72886d7745b'
        owner_id: 44036562
        repo_id: 513659658
    'actions/deploy-pages@v4.0.5':
        ref: 'v4.0.5'
        commit: 'sha1-d6db90164ac5ed86f2b6aed7e0febac5b3c0c03e'
        owner_id: 44036562
        repo_id: 438112499
    'actions/download-artifact@v4.3.0':
        ref: 'v4.3.0'
        commit: 'sha1-d3f86a106a0bac45b974a628896c90dbdf5c8093'
        owner_id: 44036562
        repo_id: 192626254
    'actions/setup-java@v6.0.1':
        ref: 'v6.0.1'
        commit: 'sha1-de7274f081f381c8f8158605e0321c36c376e2e6'
        owner_id: 44036562
        repo_id: 196057608
    'actions/setup-node@v4.4.0':
        ref: 'v4.4.0'
        commit: 'sha1-49933ea5288caeca8642d1e84afbd3f7d6820020'
        owner_id: 44036562
        repo_id: 189476904
    'actions/upload-artifact@v4':
        ref: 'v4'
        commit: 'sha1-ea165f8d65b6e75b540449e92b4886f43607fa02'
        owner_id: 44036562
        repo_id: 192625955
    'actions/upload-artifact@v4.6.2':
        ref: 'v4.6.2'
        commit: 'sha1-ea165f8d65b6e75b540449e92b4886f43607fa02'
        owner_id: 44036562
        repo_id: 192625955
    'actions/upload-pages-artifact@v3.0.1':
        ref: 'v3.0.1'
        commit: 'sha1-56afc609e74202658d3ffba0e8f6dda462b719fa'
        owner_id: 44036562
        repo_id: 496012378
        uses:
            - 'actions/upload-artifact@v4'
    'android-actions/setup-android@v4.0.4':
        ref: 'v4.0.4'
        commit: 'sha1-be39fa834029ff78f1a44aa3bb0819b8fc2bd8fd'
        owner_id: 69522701
        repo_id: 286780795
    'codecov/codecov-action@v4.6.0':
        ref: 'v4.6.0'
        commit: 'sha1-b9fd7d16f6d7d1b5d2bec1a2887e65ceed900238'
        owner_id: 8226205
        repo_id: 200299178
    'endbug/add-and-commit@v9':
        ref: 'v9'
        commit: 'sha1-a94899bca583c204427a224a7af87c02f9b325d5'
        owner_id: 26386270
        repo_id: 209101661
    'gradle/actions@v6.4.0':
        ref: 'v6.4.0'
        commit: 'sha1-3f5f9adaf7d9fecd50b5935e54106014257a94e6'
        owner_id: 124156
        repo_id: 743626948
    'jetbrains/junie-github-action@v1.7.18':
        ref: 'v1.7.18'
        commit: 'sha1-e80674f1534684678e52266b40fe9751352bc1ff'
        owner_id: 878437
        repo_id: 1104496003
        uses:
            - 'actions/upload-artifact@v4'
            - 'endbug/add-and-commit@v9'
            - 'oven-sh/setup-bun@v2'
    'jetbrains/writerside-checker-action@v1':
        ref: 'v1'
        commit: 'sha1-79ff89902dcd3d5c5a3f26a79bc35830377f38c5'
        owner_id: 878437
        repo_id: 671882449
    'jetbrains/writerside-github-action@v4':
        ref: 'v4'
        commit: 'sha1-738910d7cf197d67188300d0e0f84b2e708db3cf'
        owner_id: 878437
        repo_id: 587243448
    'oven-sh/setup-bun@v2':
        ref: 'v2'
        commit: 'sha1-0c5077e51419868618aeaa5fe8019c62421857d6'
        owner_id: 108928776
        repo_id: 512644635
